
Microsoft Visual Studio Solution File, Format Version 12.00
# Visual Studio Version 17
VisualStudioVersion = 17.1.32407.343
MinimumVisualStudioVersion = 10.0.40219.1
Project("{FAE04EC0-301F-11D3-BF4B-00C04F79EFBC}") = "OpenhabSQLCleaner", "OpenhabSQLCleaner\OpenhabSQLCleaner.csproj", "{6DAC2066-A127-40B8-AC59-ECC5CA8EDD87}"
EndProject
Global
	GlobalSection(SolutionConfigurationPlatforms) = preSolution
		Debug|Any CPU = Debug|Any CPU
		Release|Any CPU = Release|Any CPU
	EndGlobalSection
	GlobalSection(ProjectConfigurationPlatforms) = postSolution
		{6DAC2066-A127-40B8-AC59-ECC5CA8EDD87}.Debug|Any CPU.ActiveCfg = Debug|Any CPU
		{6DAC2066-A127-40B8-AC59-ECC5CA8EDD87}.Debug|Any CPU.Build.0 = Debug|Any CPU
		{6DAC2066-A127-40B8-AC59-ECC5CA8EDD87}.Release|Any CPU.ActiveCfg = Release|Any CPU
		{6DAC2066-A127-40B8-AC59-ECC5CA8EDD87}.Release|Any CPU.Build.0 = Release|Any CPU
	EndGlobalSection
	GlobalSection(SolutionProperties) = preSolution
		HideSolutionNode = FALSE
	EndGlobalSection
	GlobalSection(ExtensibilityGlobals) = postSolution
		SolutionGuid = {64B8FFDF-2D4D-4D72-9811-637BEA3F63C7}
	EndGlobalSection
EndGlobal
